# THIS IS AN AUTOGENERATED FILE. DO NOT EDIT THIS FILE DIRECTLY.
# yarn lockfile v1


cropperjs@^1.4.1:
  version "1.4.1"
  resolved "https://registry.yarnpkg.com/cropperjs/-/cropperjs-1.4.1.tgz#41d9fcd87f9d9cd2e1dcf27c36680cac7a48cd6b"

vuetify@^1.1.8:
  version "1.1.8"
  resolved "https://registry.yarnpkg.com/vuetify/-/vuetify-1.1.8.tgz#3aef842ddc9b7ec348e7ce273a24f2f8ebb1cea9"
